
Microsoft Visual Studio Solution File, Format Version 12.00
# Visual Studio Version 17
VisualStudioVersion = 17.8.34330.188
MinimumVisualStudioVersion = 10.0.40219.1
Project("{FAE04EC0-301F-11D3-BF4B-00C04F79EFBC}") = "MongoDB_OData", "MongoDB_OData.csproj", "{17EED4DA-B111-4335-8C47-907B2D65B5C3}"
EndProject
Global
	GlobalSection(SolutionConfigurationPlatforms) = preSolution
		Debug|Any CPU = Debug|Any CPU
		Release|Any CPU = Release|Any CPU
	EndGlobalSection
	GlobalSection(ProjectConfigurationPlatforms) = postSolution
		{17EED4DA-B111-4335-8C47-907B2D65B5C3}.Debug|Any CPU.ActiveCfg = Debug|Any CPU
		{17EED4DA-B111-4335-8C47-907B2D65B5C3}.Debug|Any CPU.Build.0 = Debug|Any CPU
		{17EED4DA-B111-4335-8C47-907B2D65B5C3}.Release|Any CPU.ActiveCfg = Release|Any CPU
		{17EED4DA-B111-4335-8C47-907B2D65B5C3}.Release|Any CPU.Build.0 = Release|Any CPU
	EndGlobalSection
	GlobalSection(SolutionProperties) = preSolution
		HideSolutionNode = FALSE
	EndGlobalSection
	GlobalSection(ExtensibilityGlobals) = postSolution
		SolutionGuid = {12D34888-2F15-4E5B-8B81-0D18B55AB4E8}
	EndGlobalSection
EndGlobal
